
Microsoft Visual Studio Solution File, Format Version 12.00
# Visual Studio Version 17
VisualStudioVersion = 17.3.32811.315
MinimumVisualStudioVersion = 10.0.40219.1
Project("{FAE04EC0-301F-11D3-BF4B-00C04F79EFBC}") = "MazzReactCRUD", "MazzReactCRUD.csproj", "{FA4BD71E-D372-4580-A1AC-DA69C4035EA4}"
EndProject
Global
	GlobalSection(SolutionConfigurationPlatforms) = preSolution
		Debug|Any CPU = Debug|Any CPU
		Release|Any CPU = Release|Any CPU
	EndGlobalSection
	GlobalSection(ProjectConfigurationPlatforms) = postSolution
		{FA4BD71E-D372-4580-A1AC-DA69C4035EA4}.Debug|Any CPU.ActiveCfg = Debug|Any CPU
		{FA4BD71E-D372-4580-A1AC-DA69C4035EA4}.Debug|Any CPU.Build.0 = Debug|Any CPU
		{FA4BD71E-D372-4580-A1AC-DA69C4035EA4}.Release|Any CPU.ActiveCfg = Release|Any CPU
		{FA4BD71E-D372-4580-A1AC-DA69C4035EA4}.Release|Any CPU.Build.0 = Release|Any CPU
	EndGlobalSection
	GlobalSection(SolutionProperties) = preSolution
		HideSolutionNode = FALSE
	EndGlobalSection
	GlobalSection(ExtensibilityGlobals) = postSolution
		SolutionGuid = {6D40E561-0906-4053-AC5B-58BBFA083892}
	EndGlobalSection
EndGlobal
